// !$*UTF8*$!
{
	archiveVersion = 1;
	classes = {
	};
	objectVersion = 55;
	objects = {

/* Begin PBXBuildFile section */
		A50921882852B33400BCD547 /* EventPackItemsList.swift in Sources */ = {isa = PBXBuildFile; fileRef = A50921872852B33400BCD547 /* EventPackItemsList.swift */; };
		A509218A2852BC8F00BCD547 /* EventItemAddScreen.swift in Sources */ = {isa = PBXBuildFile; fileRef = A50921892852BC8F00BCD547 /* EventItemAddScreen.swift */; };
		A5174DF128248AB1004DC2A1 /* LocationFormScreen.swift in Sources */ = {isa = PBXBuildFile; fileRef = A5174DF028248AB1004DC2A1 /* LocationFormScreen.swift */; };
		A5174DF328248AF4004DC2A1 /* LocationFormViewModel.swift in Sources */ = {isa = PBXBuildFile; fileRef = A5174DF228248AF4004DC2A1 /* LocationFormViewModel.swift */; };
		A5174DF528248BB2004DC2A1 /* Location+Extension.swift in Sources */ = {isa = PBXBuildFile; fileRef = A5174DF428248BB2004DC2A1 /* Location+Extension.swift */; };
		A52E7E9B2895DEB300122B49 /* EventPackItemsListActions.swift in Sources */ = {isa = PBXBuildFile; fileRef = A52E7E9A2895DEB300122B49 /* EventPackItemsListActions.swift */; };
		A5324DE028738EE000F59A68 /* EventPackItemsListCell.swift in Sources */ = {isa = PBXBuildFile; fileRef = A5324DDF28738EE000F59A68 /* EventPackItemsListCell.swift */; };
		A53717B82836D87D00185FE3 /* PackItemListVM.swift in Sources */ = {isa = PBXBuildFile; fileRef = A53717B72836D87D00185FE3 /* PackItemListVM.swift */; };
		A53717BE2836FE1B00185FE3 /* CategoryListVM.swift in Sources */ = {isa = PBXBuildFile; fileRef = A53717BD2836FE1B00185FE3 /* CategoryListVM.swift */; };
		A540F1572868F82100994128 /* CloseButton.swift in Sources */ = {isa = PBXBuildFile; fileRef = A540F1562868F82100994128 /* CloseButton.swift */; };
		A55473A128665E810009B2C7 /* EventItemAddCell.swift in Sources */ = {isa = PBXBuildFile; fileRef = A55473A028665E810009B2C7 /* EventItemAddCell.swift */; };
		A55473A4286661AC0009B2C7 /* CheckboxToggleStyle.swift in Sources */ = {isa = PBXBuildFile; fileRef = A55473A3286661AC0009B2C7 /* CheckboxToggleStyle.swift */; };
		A58AFDB02825D4140050B7A0 /* CategoryViewModel.swift in Sources */ = {isa = PBXBuildFile; fileRef = A58AFDAF2825D4140050B7A0 /* CategoryViewModel.swift */; };
		A58AFDB22825D4510050B7A0 /* LocationViewModel.swift in Sources */ = {isa = PBXBuildFile; fileRef = A58AFDB12825D4510050B7A0 /* LocationViewModel.swift */; };
		A59486E72817578800C34782 /* iw2PackCDApp.swift in Sources */ = {isa = PBXBuildFile; fileRef = A59486E62817578800C34782 /* iw2PackCDApp.swift */; };
		A59486EE2817578900C34782 /* Preview Assets.xcassets in Resources */ = {isa = PBXBuildFile; fileRef = A59486ED2817578900C34782 /* Preview Assets.xcassets */; };
		A59486F02817578900C34782 /* Persistence.swift in Sources */ = {isa = PBXBuildFile; fileRef = A59486EF2817578900C34782 /* Persistence.swift */; };
		A59486F32817578900C34782 /* iw2PackCD.xcdatamodeld in Sources */ = {isa = PBXBuildFile; fileRef = A59486F12817578900C34782 /* iw2PackCD.xcdatamodeld */; };
		A5966760287257CB00ADCDD4 /* EventPackItemsListVM.swift in Sources */ = {isa = PBXBuildFile; fileRef = A596675F287257CB00ADCDD4 /* EventPackItemsListVM.swift */; };
		A59AD713281CA02B00EDCD8E /* BaseModel.swift in Sources */ = {isa = PBXBuildFile; fileRef = A59AD712281CA02B00EDCD8E /* BaseModel.swift */; };
		A59AD715281CA13800EDCD8E /* Category+Extension.swift in Sources */ = {isa = PBXBuildFile; fileRef = A59AD714281CA13800EDCD8E /* Category+Extension.swift */; };
		A59AD718281CA20300EDCD8E /* CategoryFormScreen.swift in Sources */ = {isa = PBXBuildFile; fileRef = A59AD717281CA20300EDCD8E /* CategoryFormScreen.swift */; };
		A5AABF6B28972AD3003521EC /* NavigationStack.swift in Sources */ = {isa = PBXBuildFile; fileRef = A5AABF6A28972AD3003521EC /* NavigationStack.swift */; };
		A5AABF6F289736C1003521EC /* EventPackItemList1.swift in Sources */ = {isa = PBXBuildFile; fileRef = A5AABF6E289736C1003521EC /* EventPackItemList1.swift */; };
		A5B583DC28319F250093E808 /* CategoryPackItemsList.swift in Sources */ = {isa = PBXBuildFile; fileRef = A5B583DB28319F250093E808 /* CategoryPackItemsList.swift */; };
		A5B905E528516C8A00E10647 /* EventFormScreen.swift in Sources */ = {isa = PBXBuildFile; fileRef = A5B905E428516C8A00E10647 /* EventFormScreen.swift */; };
		A5B905E728516D5300E10647 /* EventListVM.swift in Sources */ = {isa = PBXBuildFile; fileRef = A5B905E628516D5300E10647 /* EventListVM.swift */; };
		A5B905E928516DD500E10647 /* EventFormVM.swift in Sources */ = {isa = PBXBuildFile; fileRef = A5B905E828516DD500E10647 /* EventFormVM.swift */; };
		A5BDACBE287A52BD006F961D /* Assets.xcassets in Resources */ = {isa = PBXBuildFile; fileRef = A5BDACBD287A52BD006F961D /* Assets.xcassets */; };
		A5BDCF28283ECF0C004F5C61 /* PackItemEditScreen2.swift in Sources */ = {isa = PBXBuildFile; fileRef = A5BDCF27283ECF0C004F5C61 /* PackItemEditScreen2.swift */; };
		A5CA4D4C2851686200808E29 /* EventListScreen.swift in Sources */ = {isa = PBXBuildFile; fileRef = A5CA4D4B2851686200808E29 /* EventListScreen.swift */; };
		A5CA4D4E28516A7300808E29 /* Event+Extension.swift in Sources */ = {isa = PBXBuildFile; fileRef = A5CA4D4D28516A7300808E29 /* Event+Extension.swift */; };
		A5D8EBB4281A07E200D5CC0B /* CategoryList.swift in Sources */ = {isa = PBXBuildFile; fileRef = A5D8EBB3281A07E200D5CC0B /* CategoryList.swift */; };
		A5D8EBB6281A088A00D5CC0B /* StartView.swift in Sources */ = {isa = PBXBuildFile; fileRef = A5D8EBB5281A088A00D5CC0B /* StartView.swift */; };
		A5D8EBB8281A0E1900D5CC0B /* LocationList.swift in Sources */ = {isa = PBXBuildFile; fileRef = A5D8EBB7281A0E1900D5CC0B /* LocationList.swift */; };
		A5EFFB5928272368003CC39F /* PackItemListScreen.swift in Sources */ = {isa = PBXBuildFile; fileRef = A5EFFB5828272368003CC39F /* PackItemListScreen.swift */; };
		A5EFFB5B2827266E003CC39F /* PackItemVM.swift in Sources */ = {isa = PBXBuildFile; fileRef = A5EFFB5A2827266E003CC39F /* PackItemVM.swift */; };
		A5EFFB5F28272763003CC39F /* PackItem+Extension.swift in Sources */ = {isa = PBXBuildFile; fileRef = A5EFFB5E28272763003CC39F /* PackItem+Extension.swift */; };
		A5EFFB61282727B0003CC39F /* PackItemAddScreen.swift in Sources */ = {isa = PBXBuildFile; fileRef = A5EFFB60282727AF003CC39F /* PackItemAddScreen.swift */; };
		A5F650592890B0F0000CFFEF /* EventVM.swift in Sources */ = {isa = PBXBuildFile; fileRef = A5F650582890B0F0000CFFEF /* EventVM.swift */; };
		A5F95FCB2884BC8A00FD8705 /* LocationPicker.swift in Sources */ = {isa = PBXBuildFile; fileRef = A5F95FCA2884BC8A00FD8705 /* LocationPicker.swift */; };
		A5F95FCD2884C96D00FD8705 /* LocationPackItemsList.swift in Sources */ = {isa = PBXBuildFile; fileRef = A5F95FCC2884C96D00FD8705 /* LocationPackItemsList.swift */; };
		A5FEBDB7285947BA005DED25 /* EventItem+Extension.swift in Sources */ = {isa = PBXBuildFile; fileRef = A5FEBDB6285947BA005DED25 /* EventItem+Extension.swift */; };
		F62A68C72856A1C90005AB22 /* EventItemEditVM.swift in Sources */ = {isa = PBXBuildFile; fileRef = F62A68C62856A1C90005AB22 /* EventItemEditVM.swift */; };
		F62A68CA2856A2B50005AB22 /* EventItemVM.swift in Sources */ = {isa = PBXBuildFile; fileRef = F62A68C92856A2B50005AB22 /* EventItemVM.swift */; };
		F64E29AD2839AE010072B4FC /* CategoryPicker.swift in Sources */ = {isa = PBXBuildFile; fileRef = F64E29AC2839AE010072B4FC /* CategoryPicker.swift */; };
		F64E29AF283AD0DC0072B4FC /* PackItemEditVM.swift in Sources */ = {isa = PBXBuildFile; fileRef = F64E29AE283AD0DC0072B4FC /* PackItemEditVM.swift */; };
		F6862BE5281DD20500B12816 /* CategoryFormViewModel.swift in Sources */ = {isa = PBXBuildFile; fileRef = F6862BE4281DD20500B12816 /* CategoryFormViewModel.swift */; };
/* End PBXBuildFile section */

/* Begin PBXFileReference section */
		A50921872852B33400BCD547 /* EventPackItemsList.swift */ = {isa = PBXFileReference; fileEncoding = 4; lastKnownFileType = sourcecode.swift; path = EventPackItemsList.swift; sourceTree = "<group>"; };
		A50921892852BC8F00BCD547 /* EventItemAddScreen.swift */ = {isa = PBXFileReference; fileEncoding = 4; lastKnownFileType = sourcecode.swift; path = EventItemAddScreen.swift; sourceTree = "<group>"; };
		A5174DF028248AB1004DC2A1 /* LocationFormScreen.swift */ = {isa = PBXFileReference; lastKnownFileType = sourcecode.swift; path = LocationFormScreen.swift; sourceTree = "<group>"; };
		A5174DF228248AF4004DC2A1 /* LocationFormViewModel.swift */ = {isa = PBXFileReference; lastKnownFileType = sourcecode.swift; path = LocationFormViewModel.swift; sourceTree = "<group>"; };
		A5174DF428248BB2004DC2A1 /* Location+Extension.swift */ = {isa = PBXFileReference; lastKnownFileType = sourcecode.swift; path = "Location+Extension.swift"; sourceTree = "<group>"; };
		A52E7E9A2895DEB300122B49 /* EventPackItemsListActions.swift */ = {isa = PBXFileReference; fileEncoding = 4; lastKnownFileType = sourcecode.swift; path = EventPackItemsListActions.swift; sourceTree = "<group>"; };
		A5324DDF28738EE000F59A68 /* EventPackItemsListCell.swift */ = {isa = PBXFileReference; lastKnownFileType = sourcecode.swift; path = EventPackItemsListCell.swift; sourceTree = "<group>"; };
		A53717B72836D87D00185FE3 /* PackItemListVM.swift */ = {isa = PBXFileReference; lastKnownFileType = sourcecode.swift; path = PackItemListVM.swift; sourceTree = "<group>"; };
		A53717BD2836FE1B00185FE3 /* CategoryListVM.swift */ = {isa = PBXFileReference; lastKnownFileType = sourcecode.swift; path = CategoryListVM.swift; sourceTree = "<group>"; };
		A540F1562868F82100994128 /* CloseButton.swift */ = {isa = PBXFileReference; lastKnownFileType = sourcecode.swift; path = CloseButton.swift; sourceTree = "<group>"; };
		A55473A028665E810009B2C7 /* EventItemAddCell.swift */ = {isa = PBXFileReference; lastKnownFileType = sourcecode.swift; path = EventItemAddCell.swift; sourceTree = "<group>"; };
		A55473A3286661AC0009B2C7 /* CheckboxToggleStyle.swift */ = {isa = PBXFileReference; fileEncoding = 4; lastKnownFileType = sourcecode.swift; path = CheckboxToggleStyle.swift; sourceTree = "<group>"; };
		A58039C228764BE0005A49B5 /* iw2PackCD.entitlements */ = {isa = PBXFileReference; lastKnownFileType = text.plist.entitlements; path = iw2PackCD.entitlements; sourceTree = "<group>"; };
		A58039C328765526005A49B5 /* Info.plist */ = {isa = PBXFileReference; lastKnownFileType = text.plist; path = Info.plist; sourceTree = "<group>"; };
		A58AFDAF2825D4140050B7A0 /* CategoryViewModel.swift */ = {isa = PBXFileReference; lastKnownFileType = sourcecode.swift; path = CategoryViewModel.swift; sourceTree = "<group>"; };
		A58AFDB12825D4510050B7A0 /* LocationViewModel.swift */ = {isa = PBXFileReference; lastKnownFileType = sourcecode.swift; path = LocationViewModel.swift; sourceTree = "<group>"; };
		A59486E32817578800C34782 /* iw2PackCD.app */ = {isa = PBXFileReference; explicitFileType = wrapper.application; includeInIndex = 0; path = iw2PackCD.app; sourceTree = BUILT_PRODUCTS_DIR; };
		A59486E62817578800C34782 /* iw2PackCDApp.swift */ = {isa = PBXFileReference; lastKnownFileType = sourcecode.swift; path = iw2PackCDApp.swift; sourceTree = "<group>"; };
		A59486ED2817578900C34782 /* Preview Assets.xcassets */ = {isa = PBXFileReference; lastKnownFileType = folder.assetcatalog; path = "Preview Assets.xcassets"; sourceTree = "<group>"; };
		A59486EF2817578900C34782 /* Persistence.swift */ = {isa = PBXFileReference; lastKnownFileType = sourcecode.swift; path = Persistence.swift; sourceTree = "<group>"; };
		A59486F22817578900C34782 /* iw2PackCD.xcdatamodel */ = {isa = PBXFileReference; lastKnownFileType = wrapper.xcdatamodel; path = iw2PackCD.xcdatamodel; sourceTree = "<group>"; };
		A596675F287257CB00ADCDD4 /* EventPackItemsListVM.swift */ = {isa = PBXFileReference; lastKnownFileType = sourcecode.swift; path = EventPackItemsListVM.swift; sourceTree = "<group>"; };
		A59AD712281CA02B00EDCD8E /* BaseModel.swift */ = {isa = PBXFileReference; fileEncoding = 4; lastKnownFileType = sourcecode.swift; path = BaseModel.swift; sourceTree = "<group>"; };
		A59AD714281CA13800EDCD8E /* Category+Extension.swift */ = {isa = PBXFileReference; lastKnownFileType = sourcecode.swift; path = "Category+Extension.swift"; sourceTree = "<group>"; };
		A59AD717281CA20300EDCD8E /* CategoryFormScreen.swift */ = {isa = PBXFileReference; lastKnownFileType = sourcecode.swift; path = CategoryFormScreen.swift; sourceTree = "<group>"; };
		A5AABF6A28972AD3003521EC /* NavigationStack.swift */ = {isa = PBXFileReference; lastKnownFileType = sourcecode.swift; path = NavigationStack.swift; sourceTree = "<group>"; };
		A5AABF6E289736C1003521EC /* EventPackItemList1.swift */ = {isa = PBXFileReference; lastKnownFileType = sourcecode.swift; path = EventPackItemList1.swift; sourceTree = "<group>"; };
		A5B583DB28319F250093E808 /* CategoryPackItemsList.swift */ = {isa = PBXFileReference; lastKnownFileType = sourcecode.swift; path = CategoryPackItemsList.swift; sourceTree = "<group>"; };
		A5B905E428516C8A00E10647 /* EventFormScreen.swift */ = {isa = PBXFileReference; fileEncoding = 4; lastKnownFileType = sourcecode.swift; path = EventFormScreen.swift; sourceTree = "<group>"; };
		A5B905E628516D5300E10647 /* EventListVM.swift */ = {isa = PBXFileReference; fileEncoding = 4; lastKnownFileType = sourcecode.swift; path = EventListVM.swift; sourceTree = "<group>"; };
		A5B905E828516DD500E10647 /* EventFormVM.swift */ = {isa = PBXFileReference; fileEncoding = 4; lastKnownFileType = sourcecode.swift; path = EventFormVM.swift; sourceTree = "<group>"; };
		A5BDACBD287A52BD006F961D /* Assets.xcassets */ = {isa = PBXFileReference; lastKnownFileType = folder.assetcatalog; name = Assets.xcassets; path = Events/Assets.xcassets; sourceTree = "<group>"; };
		A5BDCF27283ECF0C004F5C61 /* PackItemEditScreen2.swift */ = {isa = PBXFileReference; lastKnownFileType = sourcecode.swift; path = PackItemEditScreen2.swift; sourceTree = "<group>"; };
		A5CA4D4B2851686200808E29 /* EventListScreen.swift */ = {isa = PBXFileReference; lastKnownFileType = sourcecode.swift; path = EventListScreen.swift; sourceTree = "<group>"; };
		A5CA4D4D28516A7300808E29 /* Event+Extension.swift */ = {isa = PBXFileReference; fileEncoding = 4; lastKnownFileType = sourcecode.swift; path = "Event+Extension.swift"; sourceTree = "<group>"; };
		A5D8EBB3281A07E200D5CC0B /* CategoryList.swift */ = {isa = PBXFileReference; lastKnownFileType = sourcecode.swift; path = CategoryList.swift; sourceTree = "<group>"; };
		A5D8EBB5281A088A00D5CC0B /* StartView.swift */ = {isa = PBXFileReference; lastKnownFileType = sourcecode.swift; path = StartView.swift; sourceTree = "<group>"; };
		A5D8EBB7281A0E1900D5CC0B /* LocationList.swift */ = {isa = PBXFileReference; lastKnownFileType = sourcecode.swift; path = LocationList.swift; sourceTree = "<group>"; };
		A5EFFB5828272368003CC39F /* PackItemListScreen.swift */ = {isa = PBXFileReference; lastKnownFileType = sourcecode.swift; path = PackItemListScreen.swift; sourceTree = "<group>"; };
		A5EFFB5A2827266E003CC39F /* PackItemVM.swift */ = {isa = PBXFileReference; lastKnownFileType = sourcecode.swift; path = PackItemVM.swift; sourceTree = "<group>"; };
		A5EFFB5E28272763003CC39F /* PackItem+Extension.swift */ = {isa = PBXFileReference; lastKnownFileType = sourcecode.swift; path = "PackItem+Extension.swift"; sourceTree = "<group>"; };
		A5EFFB60282727AF003CC39F /* PackItemAddScreen.swift */ = {isa = PBXFileReference; lastKnownFileType = sourcecode.swift; path = PackItemAddScreen.swift; sourceTree = "<group>"; };
		A5F650582890B0F0000CFFEF /* EventVM.swift */ = {isa = PBXFileReference; lastKnownFileType = sourcecode.swift; path = EventVM.swift; sourceTree = "<group>"; };
		A5F95FCA2884BC8A00FD8705 /* LocationPicker.swift */ = {isa = PBXFileReference; fileEncoding = 4; lastKnownFileType = sourcecode.swift; name = LocationPicker.swift; path = iw2PackCD/MetaData/Location/LocationPicker.swift; sourceTree = SOURCE_ROOT; };
		A5F95FCC2884C96D00FD8705 /* LocationPackItemsList.swift */ = {isa = PBXFileReference; fileEncoding = 4; lastKnownFileType = sourcecode.swift; name = LocationPackItemsList.swift; path = iw2PackCD/MetaData/Location/LocationPackItemsList.swift; sourceTree = SOURCE_ROOT; };
		A5FEBDB6285947BA005DED25 /* EventItem+Extension.swift */ = {isa = PBXFileReference; fileEncoding = 4; lastKnownFileType = sourcecode.swift; path = "EventItem+Extension.swift"; sourceTree = "<group>"; };
		F62A68C62856A1C90005AB22 /* EventItemEditVM.swift */ = {isa = PBXFileReference; fileEncoding = 4; lastKnownFileType = sourcecode.swift; path = EventItemEditVM.swift; sourceTree = "<group>"; };
		F62A68C92856A2B50005AB22 /* EventItemVM.swift */ = {isa = PBXFileReference; fileEncoding = 4; lastKnownFileType = sourcecode.swift; path = EventItemVM.swift; sourceTree = "<group>"; };
		F64E29AC2839AE010072B4FC /* CategoryPicker.swift */ = {isa = PBXFileReference; lastKnownFileType = sourcecode.swift; path = CategoryPicker.swift; sourceTree = "<group>"; };
		F64E29AE283AD0DC0072B4FC /* PackItemEditVM.swift */ = {isa = PBXFileReference; lastKnownFileType = sourcecode.swift; path = PackItemEditVM.swift; sourceTree = "<group>"; };
		F6862BE4281DD20500B12816 /* CategoryFormViewModel.swift */ = {isa = PBXFileReference; lastKnownFileType = sourcecode.swift; path = CategoryFormViewModel.swift; sourceTree = "<group>"; };
/* End PBXFileReference section */

/* Begin PBXFrameworksBuildPhase section */
		A59486E02817578800C34782 /* Frameworks */ = {
			isa = PBXFrameworksBuildPhase;
			buildActionMask = 2147483647;
			files = (
			);
			runOnlyForDeploymentPostprocessing = 0;
		};
/* End PBXFrameworksBuildPhase section */

/* Begin PBXGroup section */
		A5174DEF282489B7004DC2A1 /* Location */ = {
			isa = PBXGroup;
			children = (
				A5F95FCC2884C96D00FD8705 /* LocationPackItemsList.swift */,
				A5D8EBB7281A0E1900D5CC0B /* LocationList.swift */,
				A5174DF028248AB1004DC2A1 /* LocationFormScreen.swift */,
				A5174DF228248AF4004DC2A1 /* LocationFormViewModel.swift */,
				A58AFDB12825D4510050B7A0 /* LocationViewModel.swift */,
				A5174DF428248BB2004DC2A1 /* Location+Extension.swift */,
				A5F95FCA2884BC8A00FD8705 /* LocationPicker.swift */,
			);
			path = Location;
			sourceTree = "<group>";
		};
		A53717B62836D82100185FE3 /* List */ = {
			isa = PBXGroup;
			children = (
				A5EFFB5828272368003CC39F /* PackItemListScreen.swift */,
				A53717B72836D87D00185FE3 /* PackItemListVM.swift */,
			);
			path = List;
			sourceTree = "<group>";
		};
		A53717BA2836F73C00185FE3 /* AddEdit */ = {
			isa = PBXGroup;
			children = (
				A5BDCF27283ECF0C004F5C61 /* PackItemEditScreen2.swift */,
				A5EFFB60282727AF003CC39F /* PackItemAddScreen.swift */,
				F64E29AE283AD0DC0072B4FC /* PackItemEditVM.swift */,
			);
			path = AddEdit;
			sourceTree = "<group>";
		};
		A55473A2286661580009B2C7 /* Utils */ = {
			isa = PBXGroup;
			children = (
				A55473A3286661AC0009B2C7 /* CheckboxToggleStyle.swift */,
				A540F1562868F82100994128 /* CloseButton.swift */,
			);
			path = Utils;
			sourceTree = "<group>";
		};
		A56BC08928710DBC006895C5 /* EventItems */ = {
			isa = PBXGroup;
			children = (
				F64E1E052852C5070062EF09 /* ItemsAddEdit */,
				F62A68C82856A2720005AB22 /* ItemList */,
				F62A68C92856A2B50005AB22 /* EventItemVM.swift */,
				A5FEBDB6285947BA005DED25 /* EventItem+Extension.swift */,
			);
			path = EventItems;
			sourceTree = "<group>";
		};
		A57851E728345B0B006492D1 /* ViewModels */ = {
			isa = PBXGroup;
			children = (
				A5EFFB5A2827266E003CC39F /* PackItemVM.swift */,
			);
			path = ViewModels;
			sourceTree = "<group>";
		};
		A59486DA2817578800C34782 = {
			isa = PBXGroup;
			children = (
				A59486E52817578800C34782 /* iw2PackCD */,
				A59486E42817578800C34782 /* Products */,
			);
			sourceTree = "<group>";
		};
		A59486E42817578800C34782 /* Products */ = {
			isa = PBXGroup;
			children = (
				A59486E32817578800C34782 /* iw2PackCD.app */,
			);
			name = Products;
			sourceTree = "<group>";
		};
		A59486E52817578800C34782 /* iw2PackCD */ = {
			isa = PBXGroup;
			children = (
				A5AABF6928972A94003521EC /* Samples */,
				A58039C328765526005A49B5 /* Info.plist */,
				A58039C228764BE0005A49B5 /* iw2PackCD.entitlements */,
				A5BDACBD287A52BD006F961D /* Assets.xcassets */,
				A59486E62817578800C34782 /* iw2PackCDApp.swift */,
				A5D8EBB5281A088A00D5CC0B /* StartView.swift */,
				A5EFFB502827174C003CC39F /* Managers */,
				A59AD711281CA01900EDCD8E /* Models */,
				A5EFFB5728272310003CC39F /* PackItem */,
				A5D8EBB2281A07A900D5CC0B /* MetaData */,
				A56BC08928710DBC006895C5 /* EventItems */,
				A5CA4D4A2851650E00808E29 /* Events */,
				A55473A2286661580009B2C7 /* Utils */,
				A59486EC2817578900C34782 /* Preview Content */,
			);
			path = iw2PackCD;
			sourceTree = "<group>";
		};
		A59486EC2817578900C34782 /* Preview Content */ = {
			isa = PBXGroup;
			children = (
				A59486ED2817578900C34782 /* Preview Assets.xcassets */,
			);
			path = "Preview Content";
			sourceTree = "<group>";
		};
		A59AD711281CA01900EDCD8E /* Models */ = {
			isa = PBXGroup;
			children = (
				A59486F12817578900C34782 /* iw2PackCD.xcdatamodeld */,
				A59AD712281CA02B00EDCD8E /* BaseModel.swift */,
			);
			path = Models;
			sourceTree = "<group>";
		};
		A59AD716281CA1C800EDCD8E /* Category */ = {
			isa = PBXGroup;
			children = (
				A5D8EBB3281A07E200D5CC0B /* CategoryList.swift */,
				A5B583DB28319F250093E808 /* CategoryPackItemsList.swift */,
				A59AD717281CA20300EDCD8E /* CategoryFormScreen.swift */,
				F6862BE4281DD20500B12816 /* CategoryFormViewModel.swift */,
				A58AFDAF2825D4140050B7A0 /* CategoryViewModel.swift */,
				A59AD714281CA13800EDCD8E /* Category+Extension.swift */,
				A53717BD2836FE1B00185FE3 /* CategoryListVM.swift */,
				F64E29AC2839AE010072B4FC /* CategoryPicker.swift */,
			);
			path = Category;
			sourceTree = "<group>";
		};
		A5AABF6928972A94003521EC /* Samples */ = {
			isa = PBXGroup;
			children = (
				A5AABF6A28972AD3003521EC /* NavigationStack.swift */,
			);
			path = Samples;
			sourceTree = "<group>";
		};
		A5CA4D4A2851650E00808E29 /* Events */ = {
			isa = PBXGroup;
			children = (
				F64E1E042852C4E80062EF09 /* List */,
				F64E1E032852C4DC0062EF09 /* AddEdit */,
				A5CA4D4D28516A7300808E29 /* Event+Extension.swift */,
				A5F650582890B0F0000CFFEF /* EventVM.swift */,
			);
			path = Events;
			sourceTree = "<group>";
		};
		A5D8EBB2281A07A900D5CC0B /* MetaData */ = {
			isa = PBXGroup;
			children = (
				A59AD716281CA1C800EDCD8E /* Category */,
				A5174DEF282489B7004DC2A1 /* Location */,
			);
			path = MetaData;
			sourceTree = "<group>";
		};
		A5EFFB502827174C003CC39F /* Managers */ = {
			isa = PBXGroup;
			children = (
				A59486EF2817578900C34782 /* Persistence.swift */,
			);
			path = Managers;
			sourceTree = "<group>";
		};
		A5EFFB5728272310003CC39F /* PackItem */ = {
			isa = PBXGroup;
			children = (
				A53717BA2836F73C00185FE3 /* AddEdit */,
				A53717B62836D82100185FE3 /* List */,
				A57851E728345B0B006492D1 /* ViewModels */,
				A5EFFB5E28272763003CC39F /* PackItem+Extension.swift */,
			);
			path = PackItem;
			sourceTree = "<group>";
		};
		F62A68C82856A2720005AB22 /* ItemList */ = {
			isa = PBXGroup;
			children = (
				A50921872852B33400BCD547 /* EventPackItemsList.swift */,
				A596675F287257CB00ADCDD4 /* EventPackItemsListVM.swift */,
				A5324DDF28738EE000F59A68 /* EventPackItemsListCell.swift */,
				A52E7E9A2895DEB300122B49 /* EventPackItemsListActions.swift */,
				A5AABF6E289736C1003521EC /* EventPackItemList1.swift */,
			);
			path = ItemList;
			sourceTree = "<group>";
		};
		F64E1E032852C4DC0062EF09 /* AddEdit */ = {
			isa = PBXGroup;
			children = (
				A5B905E428516C8A00E10647 /* EventFormScreen.swift */,
				A5B905E828516DD500E10647 /* EventFormVM.swift */,
			);
			path = AddEdit;
			sourceTree = "<group>";
		};
		F64E1E042852C4E80062EF09 /* List */ = {
			isa = PBXGroup;
			children = (
				A5CA4D4B2851686200808E29 /* EventListScreen.swift */,
				A5B905E628516D5300E10647 /* EventListVM.swift */,
			);
			path = List;
			sourceTree = "<group>";
		};
		F64E1E052852C5070062EF09 /* ItemsAddEdit */ = {
			isa = PBXGroup;
			children = (
				F62A68C62856A1C90005AB22 /* EventItemEditVM.swift */,
				A50921892852BC8F00BCD547 /* EventItemAddScreen.swift */,
				A55473A028665E810009B2C7 /* EventItemAddCell.swift */,
			);
			path = ItemsAddEdit;
			sourceTree = "<group>";
		};
/* End PBXGroup section */

/* Begin PBXNativeTarget section */
		A59486E22817578800C34782 /* iw2PackCD */ = {
			isa = PBXNativeTarget;
			buildConfigurationList = A59486F62817578900C34782 /* Build configuration list for PBXNativeTarget "iw2PackCD" */;
			buildPhases = (
				A59486DF2817578800C34782 /* Sources */,
				A59486E02817578800C34782 /* Frameworks */,
				A59486E12817578800C34782 /* Resources */,
			);
			buildRules = (
			);
			dependencies = (
			);
			name = iw2PackCD;
			productName = iw2PackCD;
			productReference = A59486E32817578800C34782 /* iw2PackCD.app */;
			productType = "com.apple.product-type.application";
		};
/* End PBXNativeTarget section */

/* Begin PBXProject section */
		A59486DB2817578800C34782 /* Project object */ = {
			isa = PBXProject;
			attributes = {
				BuildIndependentTargetsInParallel = 1;
				LastSwiftUpdateCheck = 1330;
				LastUpgradeCheck = 1330;
				TargetAttributes = {
					A59486E22817578800C34782 = {
						CreatedOnToolsVersion = 13.3.1;
					};
				};
			};
			buildConfigurationList = A59486DE2817578800C34782 /* Build configuration list for PBXProject "iw2PackCD" */;
			compatibilityVersion = "Xcode 13.0";
			developmentRegion = en;
			hasScannedForEncodings = 0;
			knownRegions = (
				en,
				Base,
			);
			mainGroup = A59486DA2817578800C34782;
			productRefGroup = A59486E42817578800C34782 /* Products */;
			projectDirPath = "";
			projectRoot = "";
			targets = (
				A59486E22817578800C34782 /* iw2PackCD */,
			);
		};
/* End PBXProject section */

/* Begin PBXResourcesBuildPhase section */
		A59486E12817578800C34782 /* Resources */ = {
			isa = PBXResourcesBuildPhase;
			buildActionMask = 2147483647;
			files = (
				A59486EE2817578900C34782 /* Preview Assets.xcassets in Resources */,
				A5BDACBE287A52BD006F961D /* Assets.xcassets in Resources */,
			);
			runOnlyForDeploymentPostprocessing = 0;
		};
/* End PBXResourcesBuildPhase section */

/* Begin PBXSourcesBuildPhase section */
		A59486DF2817578800C34782 /* Sources */ = {
			isa = PBXSourcesBuildPhase;
			buildActionMask = 2147483647;
			files = (
				A50921882852B33400BCD547 /* EventPackItemsList.swift in Sources */,
				A5F95FCD2884C96D00FD8705 /* LocationPackItemsList.swift in Sources */,
				F64E29AF283AD0DC0072B4FC /* PackItemEditVM.swift in Sources */,
				A59486F02817578900C34782 /* Persistence.swift in Sources */,
				A5324DE028738EE000F59A68 /* EventPackItemsListCell.swift in Sources */,
				A5B905E528516C8A00E10647 /* EventFormScreen.swift in Sources */,
				A5CA4D4C2851686200808E29 /* EventListScreen.swift in Sources */,
				A59AD715281CA13800EDCD8E /* Category+Extension.swift in Sources */,
				A5B905E928516DD500E10647 /* EventFormVM.swift in Sources */,
				A5D8EBB8281A0E1900D5CC0B /* LocationList.swift in Sources */,
				A5174DF128248AB1004DC2A1 /* LocationFormScreen.swift in Sources */,
				A509218A2852BC8F00BCD547 /* EventItemAddScreen.swift in Sources */,
				A5B905E728516D5300E10647 /* EventListVM.swift in Sources */,
				A5D8EBB4281A07E200D5CC0B /* CategoryList.swift in Sources */,
				A55473A4286661AC0009B2C7 /* CheckboxToggleStyle.swift in Sources */,
				A5EFFB5B2827266E003CC39F /* PackItemVM.swift in Sources */,
				F62A68C72856A1C90005AB22 /* EventItemEditVM.swift in Sources */,
				A5D8EBB6281A088A00D5CC0B /* StartView.swift in Sources */,
				A52E7E9B2895DEB300122B49 /* EventPackItemsListActions.swift in Sources */,
				A5B583DC28319F250093E808 /* CategoryPackItemsList.swift in Sources */,
				A5BDCF28283ECF0C004F5C61 /* PackItemEditScreen2.swift in Sources */,
				A5EFFB5F28272763003CC39F /* PackItem+Extension.swift in Sources */,
				A5EFFB61282727B0003CC39F /* PackItemAddScreen.swift in Sources */,
				A58AFDB22825D4510050B7A0 /* LocationViewModel.swift in Sources */,
				A58AFDB02825D4140050B7A0 /* CategoryViewModel.swift in Sources */,
				A5AABF6B28972AD3003521EC /* NavigationStack.swift in Sources */,
				A53717B82836D87D00185FE3 /* PackItemListVM.swift in Sources */,
				A53717BE2836FE1B00185FE3 /* CategoryListVM.swift in Sources */,
				A5EFFB5928272368003CC39F /* PackItemListScreen.swift in Sources */,
				A5F95FCB2884BC8A00FD8705 /* LocationPicker.swift in Sources */,
				A5AABF6F289736C1003521EC /* EventPackItemList1.swift in Sources */,
				A5174DF328248AF4004DC2A1 /* LocationFormViewModel.swift in Sources */,
				A59AD718281CA20300EDCD8E /* CategoryFormScreen.swift in Sources */,
				A5966760287257CB00ADCDD4 /* EventPackItemsListVM.swift in Sources */,
				A59486F32817578900C34782 /* iw2PackCD.xcdatamodeld in Sources */,
				A5F650592890B0F0000CFFEF /* EventVM.swift in Sources */,
				F62A68CA2856A2B50005AB22 /* EventItemVM.swift in Sources */,
				A540F1572868F82100994128 /* CloseButton.swift in Sources */,
				F64E29AD2839AE010072B4FC /* CategoryPicker.swift in Sources */,
				A5174DF528248BB2004DC2A1 /* Location+Extension.swift in Sources */,
				F6862BE5281DD20500B12816 /* CategoryFormViewModel.swift in Sources */,
				A59AD713281CA02B00EDCD8E /* BaseModel.swift in Sources */,
				A5CA4D4E28516A7300808E29 /* Event+Extension.swift in Sources */,
				A55473A128665E810009B2C7 /* EventItemAddCell.swift in Sources */,
				A5FEBDB7285947BA005DED25 /* EventItem+Extension.swift in Sources */,
				A59486E72817578800C34782 /* iw2PackCDApp.swift in Sources */,
			);
			runOnlyForDeploymentPostprocessing = 0;
		};
/* End PBXSourcesBuildPhase section */

/* Begin XCBuildConfiguration section */
		A59486F42817578900C34782 /* Debug */ = {
			isa = XCBuildConfiguration;
			buildSettings = {
				ALWAYS_SEARCH_USER_PATHS = NO;
				CLANG_ANALYZER_NONNULL = YES;
				CLANG_ANALYZER_NUMBER_OBJECT_CONVERSION = YES_AGGRESSIVE;
				CLANG_CXX_LANGUAGE_STANDARD = "gnu++17";
				CLANG_ENABLE_MODULES = YES;
				CLANG_ENABLE_OBJC_ARC = YES;
				CLANG_ENABLE_OBJC_WEAK = YES;
				CLANG_WARN_BLOCK_CAPTURE_AUTORELEASING = YES;
				CLANG_WARN_BOOL_CONVERSION = YES;
				CLANG_WARN_COMMA = YES;
				CLANG_WARN_CONSTANT_CONVERSION = YES;
				CLANG_WARN_DEPRECATED_OBJC_IMPLEMENTATIONS = YES;
				CLANG_WARN_DIRECT_OBJC_ISA_USAGE = YES_ERROR;
				CLANG_WARN_DOCUMENTATION_COMMENTS = YES;
				CLANG_WARN_EMPTY_BODY = YES;
				CLANG_WARN_ENUM_CONVERSION = YES;
				CLANG_WARN_INFINITE_RECURSION = YES;
				CLANG_WARN_INT_CONVERSION = YES;
				CLANG_WARN_NON_LITERAL_NULL_CONVERSION = YES;
				CLANG_WARN_OBJC_IMPLICIT_RETAIN_SELF = YES;
				CLANG_WARN_OBJC_LITERAL_CONVERSION = YES;
				CLANG_WARN_OBJC_ROOT_CLASS = YES_ERROR;
				CLANG_WARN_QUOTED_INCLUDE_IN_FRAMEWORK_HEADER = YES;
				CLANG_WARN_RANGE_LOOP_ANALYSIS = YES;
				CLANG_WARN_STRICT_PROTOTYPES = YES;
				CLANG_WARN_SUSPICIOUS_MOVE = YES;
				CLANG_WARN_UNGUARDED_AVAILABILITY = YES_AGGRESSIVE;
				CLANG_WARN_UNREACHABLE_CODE = YES;
				CLANG_WARN__DUPLICATE_METHOD_MATCH = YES;
				COPY_PHASE_STRIP = NO;
				DEBUG_INFORMATION_FORMAT = dwarf;
				ENABLE_STRICT_OBJC_MSGSEND = YES;
				ENABLE_TESTABILITY = YES;
				GCC_C_LANGUAGE_STANDARD = gnu11;
				GCC_DYNAMIC_NO_PIC = NO;
				GCC_NO_COMMON_BLOCKS = YES;
				GCC_OPTIMIZATION_LEVEL = 0;
				GCC_PREPROCESSOR_DEFINITIONS = (
					"DEBUG=1",
					"$(inherited)",
				);
				GCC_WARN_64_TO_32_BIT_CONVERSION = YES;
				GCC_WARN_ABOUT_RETURN_TYPE = YES_ERROR;
				GCC_WARN_UNDECLARED_SELECTOR = YES;
				GCC_WARN_UNINITIALIZED_AUTOS = YES_AGGRESSIVE;
				GCC_WARN_UNUSED_FUNCTION = YES;
				GCC_WARN_UNUSED_VARIABLE = YES;
				IPHONEOS_DEPLOYMENT_TARGET = 16.0;
				MTL_ENABLE_DEBUG_INFO = INCLUDE_SOURCE;
				MTL_FAST_MATH = YES;
				ONLY_ACTIVE_ARCH = YES;
				SDKROOT = iphoneos;
				SWIFT_ACTIVE_COMPILATION_CONDITIONS = DEBUG;
				SWIFT_OPTIMIZATION_LEVEL = "-Onone";
			};
			name = Debug;
		};
		A59486F52817578900C34782 /* Release */ = {
			isa = XCBuildConfiguration;
			buildSettings = {
				ALWAYS_SEARCH_USER_PATHS = NO;
				CLANG_ANALYZER_NONNULL = YES;
				CLANG_ANALYZER_NUMBER_OBJECT_CONVERSION = YES_AGGRESSIVE;
				CLANG_CXX_LANGUAGE_STANDARD = "gnu++17";
				CLANG_ENABLE_MODULES = YES;
				CLANG_ENABLE_OBJC_ARC = YES;
				CLANG_ENABLE_OBJC_WEAK = YES;
				CLANG_WARN_BLOCK_CAPTURE_AUTORELEASING = YES;
				CLANG_WARN_BOOL_CONVERSION = YES;
				CLANG_WARN_COMMA = YES;
				CLANG_WARN_CONSTANT_CONVERSION = YES;
				CLANG_WARN_DEPRECATED_OBJC_IMPLEMENTATIONS = YES;
				CLANG_WARN_DIRECT_OBJC_ISA_USAGE = YES_ERROR;
				CLANG_WARN_DOCUMENTATION_COMMENTS = YES;
				CLANG_WARN_EMPTY_BODY = YES;
				CLANG_WARN_ENUM_CONVERSION = YES;
				CLANG_WARN_INFINITE_RECURSION = YES;
				CLANG_WARN_INT_CONVERSION = YES;
				CLANG_WARN_NON_LITERAL_NULL_CONVERSION = YES;
				CLANG_WARN_OBJC_IMPLICIT_RETAIN_SELF = YES;
				CLANG_WARN_OBJC_LITERAL_CONVERSION = YES;
				CLANG_WARN_OBJC_ROOT_CLASS = YES_ERROR;
				CLANG_WARN_QUOTED_INCLUDE_IN_FRAMEWORK_HEADER = YES;
				CLANG_WARN_RANGE_LOOP_ANALYSIS = YES;
				CLANG_WARN_STRICT_PROTOTYPES = YES;
				CLANG_WARN_SUSPICIOUS_MOVE = YES;
				CLANG_WARN_UNGUARDED_AVAILABILITY = YES_AGGRESSIVE;
				CLANG_WARN_UNREACHABLE_CODE = YES;
				CLANG_WARN__DUPLICATE_METHOD_MATCH = YES;
				COPY_PHASE_STRIP = NO;
				DEBUG_INFORMATION_FORMAT = "dwarf-with-dsym";
				ENABLE_NS_ASSERTIONS = NO;
				ENABLE_STRICT_OBJC_MSGSEND = YES;
				GCC_C_LANGUAGE_STANDARD = gnu11;
				GCC_NO_COMMON_BLOCKS = YES;
				GCC_WARN_64_TO_32_BIT_CONVERSION = YES;
				GCC_WARN_ABOUT_RETURN_TYPE = YES_ERROR;
				GCC_WARN_UNDECLARED_SELECTOR = YES;
				GCC_WARN_UNINITIALIZED_AUTOS = YES_AGGRESSIVE;
				GCC_WARN_UNUSED_FUNCTION = YES;
				GCC_WARN_UNUSED_VARIABLE = YES;
				IPHONEOS_DEPLOYMENT_TARGET = 16.0;
				MTL_ENABLE_DEBUG_INFO = NO;
				MTL_FAST_MATH = YES;
				SDKROOT = iphoneos;
				SWIFT_COMPILATION_MODE = wholemodule;
				SWIFT_OPTIMIZATION_LEVEL = "-O";
				VALIDATE_PRODUCT = YES;
			};
			name = Release;
		};
		A59486F72817578900C34782 /* Debug */ = {
			isa = XCBuildConfiguration;
			buildSettings = {
				ASSETCATALOG_COMPILER_APPICON_NAME = AppIcon;
				ASSETCATALOG_COMPILER_GLOBAL_ACCENT_COLOR_NAME = AccentColor;
				CODE_SIGN_ENTITLEMENTS = iw2PackCD/iw2PackCD.entitlements;
				CODE_SIGN_IDENTITY = "Apple Development";
				CODE_SIGN_STYLE = Automatic;
				CURRENT_PROJECT_VERSION = 2;
				DEVELOPMENT_ASSET_PATHS = "\"iw2PackCD/Preview Content\"";
				DEVELOPMENT_TEAM = WM9Y6XVZYN;
				ENABLE_PREVIEWS = YES;
				GENERATE_INFOPLIST_FILE = YES;
				INFOPLIST_FILE = iw2PackCD/Info.plist;
				INFOPLIST_KEY_CFBundleDisplayName = iw2Pack;
				INFOPLIST_KEY_LSApplicationCategoryType = "public.app-category.travel";
				INFOPLIST_KEY_UIApplicationSceneManifest_Generation = YES;
				INFOPLIST_KEY_UIApplicationSupportsIndirectInputEvents = YES;
				INFOPLIST_KEY_UILaunchScreen_Generation = YES;
				INFOPLIST_KEY_UISupportedInterfaceOrientations = UIInterfaceOrientationPortrait;
				INFOPLIST_KEY_UISupportedInterfaceOrientations_iPad = "UIInterfaceOrientationLandscapeLeft UIInterfaceOrientationLandscapeRight UIInterfaceOrientationPortrait UIInterfaceOrientationPortraitUpsideDown";
				LD_RUNPATH_SEARCH_PATHS = (
					"$(inherited)",
					"@executable_path/Frameworks",
				);
				MARKETING_VERSION = 1.0.1;
				PRODUCT_BUNDLE_IDENTIFIER = com.isyet.iw2PackCD;
				PRODUCT_NAME = "$(TARGET_NAME)";
				PROVISIONING_PROFILE_SPECIFIER = "";
				SWIFT_EMIT_LOC_STRINGS = YES;
				SWIFT_VERSION = 5.0;
				TARGETED_DEVICE_FAMILY = "1,2";
			};
			name = Debug;
		};
		A59486F82817578900C34782 /* Release */ = {
			isa = XCBuildConfiguration;
			buildSettings = {
				ASSETCATALOG_COMPILER_APPICON_NAME = AppIcon;
				ASSETCATALOG_COMPILER_GLOBAL_ACCENT_COLOR_NAME = AccentColor;
				CODE_SIGN_ENTITLEMENTS = iw2PackCD/iw2PackCD.entitlements;
				CODE_SIGN_IDENTITY = "Apple Development";
				CODE_SIGN_STYLE = Automatic;
				CURRENT_PROJECT_VERSION = 2;
				DEVELOPMENT_ASSET_PATHS = "\"iw2PackCD/Preview Content\"";
				DEVELOPMENT_TEAM = WM9Y6XVZYN;
				ENABLE_PREVIEWS = YES;
				GENERATE_INFOPLIST_FILE = YES;
				INFOPLIST_FILE = iw2PackCD/Info.plist;
				INFOPLIST_KEY_CFBundleDisplayName = iw2Pack;
				INFOPLIST_KEY_LSApplicationCategoryType = "public.app-category.travel";
				INFOPLIST_KEY_UIApplicationSceneManifest_Generation = YES;
				INFOPLIST_KEY_UIApplicationSupportsIndirectInputEvents = YES;
				INFOPLIST_KEY_UILaunchScreen_Generation = YES;
				INFOPLIST_KEY_UISupportedInterfaceOrientations = UIInterfaceOrientationPortrait;
				INFOPLIST_KEY_UISupportedInterfaceOrientations_iPad = "UIInterfaceOrientationLandscapeLeft UIInterfaceOrientationLandscapeRight UIInterfaceOrientationPortrait UIInterfaceOrientationPortraitUpsideDown";
				LD_RUNPATH_SEARCH_PATHS = (
					"$(inherited)",
					"@executable_path/Frameworks",
				);
				MARKETING_VERSION = 1.0.1;
				PRODUCT_BUNDLE_IDENTIFIER = com.isyet.iw2PackCD;
				PRODUCT_NAME = "$(TARGET_NAME)";
				PROVISIONING_PROFILE_SPECIFIER = "";
				SWIFT_EMIT_LOC_STRINGS = YES;
				SWIFT_VERSION = 5.0;
				TARGETED_DEVICE_FAMILY = "1,2";
			};
			name = Release;
		};
/* End XCBuildConfiguration section */

/* Begin XCConfigurationList section */
		A59486DE2817578800C34782 /* Build configuration list for PBXProject "iw2PackCD" */ = {
			isa = XCConfigurationList;
			buildConfigurations = (
				A59486F42817578900C34782 /* Debug */,
				A59486F52817578900C34782 /* Release */,
			);
			defaultConfigurationIsVisible = 0;
			defaultConfigurationName = Release;
		};
		A59486F62817578900C34782 /* Build configuration list for PBXNativeTarget "iw2PackCD" */ = {
			isa = XCConfigurationList;
			buildConfigurations = (
				A59486F72817578900C34782 /* Debug */,
				A59486F82817578900C34782 /* Release */,
			);
			defaultConfigurationIsVisible = 0;
			defaultConfigurationName = Release;
		};
/* End XCConfigurationList section */

/* Begin XCVersionGroup section */
		A59486F12817578900C34782 /* iw2PackCD.xcdatamodeld */ = {
			isa = XCVersionGroup;
			children = (
				A59486F22817578900C34782 /* iw2PackCD.xcdatamodel */,
			);
			currentVersion = A59486F22817578900C34782 /* iw2PackCD.xcdatamodel */;
			path = iw2PackCD.xcdatamodeld;
			sourceTree = "<group>";
			versionGroupType = wrapper.xcdatamodel;
		};
/* End XCVersionGroup section */
	};
	rootObject = A59486DB2817578800C34782 /* Project object */;
}
